<?xml version="1.0" encoding="utf-8"?>
<Project ToolsVersion="4.0" xmlns="http://schemas.microsoft.com/developer/msbuild/2003">
  <ItemGroup>
    <ClCompile Include="src\Main.cpp" />
    <ClCompile Include="src\Benchmark.cpp" />
    <ClCompile Include="src\Game.cpp" />
    <ClCompile Include="src\camera\CameraManager.cpp">
      <Filter>camera</Filter>
    </ClCompile>
    <ClCompile Include="src\camera\CameraBehave.cpp">
      <Filter>camera\behave</Filter>
    </ClCompile>
    <ClCompile Include="src\camera\FreeCameraBehave.cpp">
      <Filter>camera\behave</Filter>
    </ClCompile>
    <ClCompile Include="src\env\bucket\Bucket.cpp">
      <Filter>simulation\env\bucket</Filter>
    </ClCompile>
    <ClCompile Include="src\env\bucket\BucketIterator.cpp">
      <Filter>simulation\env\bucket</Filter>
    </ClCompile>
    <ClCompile Include="src\objects\building\Building.cpp">
      <Filter>objects\building</Filter>
    </ClCompile>
    <ClCompile Include="src\objects\building\BuildingFactory.cpp">
      <Filter>objects\collection\factory</Filter>
    </ClCompile>
    <ClCompile Include="src\control\Controls.cpp">
      <Filter>control</Filter>
    </ClCompile>
    <ClCompile Include="src\database\DatabaseCache.cpp">
      <Filter>database</Filter>
    </ClCompile>
    <ClCompile Include="src\hud\MySprite.cpp">
      <Filter>hud</Filter>
    </ClCompile>
    <ClCompile Include="src\control\SelectedInfo.cpp">
      <Filter>control</Filter>
    </ClCompile>
    <ClCompile Include="src\simulation\Simulation.cpp">
      <Filter>simulation</Filter>
    </ClCompile>
    <ClCompile Include="src\simulation\SimulationObjectManager.cpp">
      <Filter>objects\collection\manager</Filter>
    </ClCompile>
    <ClCompile Include="src\objects\unit\UnitFactory.cpp">
      <Filter>objects\collection\factory</Filter>
    </ClCompile>
    <ClCompile Include="src\objects\unit\Unit.cpp">
      <Filter>objects\unit</Filter>
    </ClCompile>
    <ClCompile Include="src\player\PlayersManager.cpp">
      <Filter>player</Filter>
    </ClCompile>
    <ClCompile Include="src\control\SelectedInfoType.cpp">
      <Filter>control</Filter>
    </ClCompile>
    <ClCompile Include="src\scene\LevelBuilder.cpp" />
    <ClCompile Include="src\hud\Hud.cpp">
      <Filter>hud</Filter>
    </ClCompile>
    <ClCompile Include="src\commands\CommandList.cpp">
      <Filter>command\list</Filter>
    </ClCompile>
    <ClCompile Include="src\hud\window\top\TopPanel.cpp">
      <Filter>hud\windows\top</Filter>
    </ClCompile>
    <ClCompile Include="src\hud\window\top\TopHudElement.cpp">
      <Filter>hud\windows\top</Filter>
    </ClCompile>
    <ClCompile Include="src\hud\window\queue\QueuePanel.cpp">
      <Filter>hud\windows\queue</Filter>
    </ClCompile>
    <ClCompile Include="src\hud\window\queue\QueueHudElement.cpp">
      <Filter>hud\windows\queue</Filter>
    </ClCompile>
    <ClCompile Include="src\hud\window\selected\SelectedHudElement.cpp">
      <Filter>hud\windows\select</Filter>
    </ClCompile>
    <ClCompile Include="src\hud\window\selected\SelectedHudPanel.cpp">
      <Filter>hud\windows\select</Filter>
    </ClCompile>
    <ClCompile Include="src\hud\window\menu\MenuPanel.cpp">
      <Filter>hud\windows</Filter>
    </ClCompile>
    <ClCompile Include="src\hud\window\minimap\MiniMapPanel.cpp">
      <Filter>hud\windows</Filter>
    </ClCompile>
    <ClCompile Include="src\hud\window\debug\DebugPanel.cpp">
      <Filter>hud\windows</Filter>
    </ClCompile>
    <ClCompile Include="src\objects\unit\state\StateManager.cpp">
      <Filter>objects\state</Filter>
    </ClCompile>
    <ClCompile Include="src\objects\unit\aim\TargetAim.cpp" />
    <ClCompile Include="src\objects\unit\aim\FollowAim.cpp" />
    <ClCompile Include="src\objects\unit\aim\ChargeAim.cpp" />
    <ClCompile Include="src\camera\TopCameraBehave.cpp" />
    <ClCompile Include="src\simulation\force\Force.cpp">
      <Filter>simulation\force</Filter>
    </ClCompile>
    <ClCompile Include="src\env\bucket\MainGrid.cpp" />
    <ClCompile Include="src\env\bucket\Grid.cpp">
      <Filter>simulation\env\bucket</Filter>
    </ClCompile>
    <ClCompile Include="src\env\bucket\ComplexBucketData.cpp" />
    <ClCompile Include="src\hud\window\loading\LoadingPanel.cpp" />
    <ClCompile Include="src\hud\window\in_game_menu\InGameMenuPanel.cpp" />
    <ClCompile Include="src\scene\save\SceneSaver.cpp" />
    <ClCompile Include="src\scene\load\SceneLoader.cpp" />
    <ClCompile Include="src\commands\creation\CreationCommand.cpp">
      <Filter>command</Filter>
    </ClCompile>
    <ClCompile Include="src\commands\creation\CreationCommandList.cpp">
      <Filter>command\list</Filter>
    </ClCompile>
    <ClCompile Include="src\objects\Physical.cpp">
      <Filter>objects</Filter>
    </ClCompile>
    <ClCompile Include="src\hud\window\main_menu\MainMenuPanel.cpp" />
    <ClCompile Include="src\hud\window\main_menu\MainMenuDetailsPanel.cpp" />
    <ClCompile Include="src\hud\window\in_game_menu\middle\AbstractMiddlePanel.cpp" />
    <ClCompile Include="src\hud\window\in_game_menu\middle\FilePanel.cpp" />
    <ClCompile Include="src\hud\window\main_menu\help\MainMenuHelpPanel.cpp" />
    <ClCompile Include="src\hud\window\main_menu\new_game\MainMenuNewGamePanel.cpp" />
    <ClCompile Include="src\hud\window\main_menu\load\MainMenuLoadPanel.cpp" />
    <ClCompile Include="src\hud\window\main_menu\close\MainMenuClosePanel.cpp" />
    <ClCompile Include="src\hud\window\main_menu\settings\MainMenuSettingsPanel.cpp" />
    <ClCompile Include="src\hud\window\menu\info\LeftMenuInfoPanel.cpp" />
    <ClCompile Include="src\objects\queue\QueueElement.cpp">
      <Filter>objects\building</Filter>
    </ClCompile>
    <ClCompile Include="src\objects\queue\QueueManager.cpp">
      <Filter>objects\building</Filter>
    </ClCompile>
    <ClCompile Include="src\commands\upgrade\UpgradeCommand.cpp" />
    <ClCompile Include="src\hud\HudData.cpp">
      <Filter>hud</Filter>
    </ClCompile>
    <ClCompile Include="src\commands\upgrade\UpgradeCommandList.cpp" />
    <ClCompile Include="src\simulation\formation\Formation.cpp" />
    <ClCompile Include="src\simulation\formation\FormationManager.cpp" />
    <ClCompile Include="src\objects\unit\aim\Aims.cpp">
      <Filter>aim</Filter>
    </ClCompile>
    <ClCompile Include="src\objects\unit\state\State.cpp" />
    <ClCompile Include="src\objects\static\Static.cpp" />
    <ClCompile Include="src\env\Environment.cpp">
      <Filter>simulation\env</Filter>
    </ClCompile>
    <ClCompile Include="src\colors\ColorPaletteRepo.cpp" />
    <ClCompile Include="src\env\path\PathFinder.cpp" />
    <ClCompile Include="src\hud\window\top\info\TopInfoPanel.cpp" />
    <ClCompile Include="src\env\influence\InfluenceManager.cpp" />
    <ClCompile Include="src\env\influence\map\InfluenceMapInt.cpp" />
    <ClCompile Include="src\env\influence\map\InfluenceMap.cpp" />
    <ClCompile Include="src\env\influence\map\InfluenceMapFloat.cpp" />
    <ClCompile Include="src\objects\resource\ResourceEntity.cpp" />
    <ClCompile Include="src\objects\resource\ResourceFactory.cpp" />
    <ClCompile Include="src\player\Resources.cpp" />
    <ClCompile Include="src\camera\RtsCameraBehave.cpp" />
    <ClCompile Include="src\debug\DebugLineRepo.cpp" />
    <ClCompile Include="src\debug\DebugManager.cpp" />
    <ClCompile Include="src\player\Possession.cpp" />
    <ClCompile Include="src\hud\window\score\ScorePanel.cpp" />
    <ClCompile Include="src\player\ai\nn\Layer.cpp" />
    <ClCompile Include="src\player\ai\nn\Brain.cpp" />
    <ClCompile Include="src\commands\action\UnitActionCommand.cpp">
      <Filter>command\action</Filter>
    </ClCompile>
    <ClCompile Include="src\commands\action\ResourceActionCommand.cpp" />
    <ClCompile Include="src\commands\action\BuildingActionCommand.cpp" />
    <ClCompile Include="src\player\Player.cpp">
      <Filter>player</Filter>
    </ClCompile>
    <ClCompile Include="src\player\ai\ActionMaker.cpp" />
    <ClCompile Include="src\math\RandGen.cpp" />
    <ClCompile Include="src\player\ai\ActionCenter.cpp" />
    <ClCompile Include="src\objects\unit\order\FormationOrder.cpp" />
    <ClCompile Include="src\objects\unit\order\GroupOrder.cpp" />
    <ClCompile Include="src\objects\unit\order\IndividualOrder.cpp" />
    <ClCompile Include="src\objects\unit\order\UnitOrder.cpp" />
    <ClCompile Include="src\commands\action\GeneralActionCommand.cpp" />
    <ClCompile Include="src\player\ai\OrderMaker.cpp" />
    <ClCompile Include="src\control\HealthBarProvider.cpp" />
    <ClCompile Include="src\env\influence\map\InfluenceMapHistory.cpp" />
    <ClCompile Include="src\env\influence\map\InfluenceMapQuad.cpp" />
    <ClCompile Include="src\env\GridCalculatorProvider.cpp" />
    <ClCompile Include="src\stats\AiInputProvider.cpp" />
    <ClCompile Include="src\hud\window\SimplePanel.cpp">
      <Filter>hud\windows</Filter>
    </ClCompile>
    <ClCompile Include="src\hud\window\EventPanel.cpp" />
    <ClCompile Include="src\env\bucket\levels\LevelCache.cpp" />
    <ClCompile Include="src\env\bucket\levels\LevelCacheProvider.cpp" />
    <ClCompile Include="src\env\CloseIndexes.cpp" />
    <ClCompile Include="src\env\CloseIndexesProvider.cpp" />
    <ClCompile Include="src\player\ai\nn\BrainProvider.cpp" />
    <ClCompile Include="src\objects\unit\ActionParameter.cpp" />
    <ClCompile Include="src\env\influence\map\VisibilityMap.cpp" />
    <ClCompile Include="src\env\bucket\StaticGrid.cpp" />
    <ClCompile Include="src\objects\projectile\ProjectileManager.cpp" />
    <ClCompile Include="src\objects\projectile\ProjectileBase.h" />
    <ClCompile Include="src\env\influence\VisibilityManager.cpp" />
    <ClCompile Include="src\utils\CountUtils.h" />
    <ClCompile Include="src\utils\CountUtils.cpp" />
    <ClCompile Include="src\objects\UId.h" />
  </ItemGroup>
  <ItemGroup>
    <ClInclude Include="src\Main.h" />
    <ClInclude Include="src\Benchmark.h" />
    <ClInclude Include="src\Game.h" />
    <ClInclude Include="resource.h" />
    <ClInclude Include="src\camera\CameraEnums.h">
      <Filter>camera</Filter>
    </ClInclude>
    <ClInclude Include="src\camera\CameraBehave.h">
      <Filter>camera\behave</Filter>
    </ClInclude>
    <ClInclude Include="src\camera\CameraManager.h">
      <Filter>camera</Filter>
    </ClInclude>
    <ClInclude Include="src\camera\FreeCameraBehave.h">
      <Filter>camera\behave</Filter>
    </ClInclude>
    <ClInclude Include="src\commands\PhysicalCommand.h">
      <Filter>command</Filter>
    </ClInclude>
    <ClInclude Include="src\commands\CommandList.h">
      <Filter>command\list</Filter>
    </ClInclude>
    <ClInclude Include="src\env\bucket\Bucket.h">
      <Filter>simulation\env\bucket</Filter>
    </ClInclude>
    <ClInclude Include="src\env\bucket\BucketIterator.h">
      <Filter>simulation\env\bucket</Filter>
    </ClInclude>
    <ClInclude Include="src\objects\building\Building.h">
      <Filter>objects\building</Filter>
    </ClInclude>
    <ClInclude Include="src\objects\building\BuildingFactory.h">
      <Filter>objects\collection\factory</Filter>
    </ClInclude>
    <ClInclude Include="src\control\Controls.h">
      <Filter>control</Filter>
    </ClInclude>
    <ClInclude Include="src\control\ControlsState.h">
      <Filter>control</Filter>
    </ClInclude>
    <ClInclude Include="src\database\DatabaseCache.h">
      <Filter>database</Filter>
    </ClInclude>
    <ClInclude Include="src\database\db_strcut.h">
      <Filter>database</Filter>
    </ClInclude>
    <ClInclude Include="src\hud\Hud.h">
      <Filter>hud</Filter>
    </ClInclude>
    <ClInclude Include="src\hud\MySprite.h">
      <Filter>hud</Filter>
    </ClInclude>
    <ClInclude Include="src\objects\Physical.h">
      <Filter>objects</Filter>
    </ClInclude>
    <ClInclude Include="src\player\Player.h">
      <Filter>player</Filter>
    </ClInclude>
    <ClInclude Include="src\control\SelectedInfo.h">
      <Filter>control</Filter>
    </ClInclude>
    <ClInclude Include="src\simulation\Simulation.h">
      <Filter>simulation</Filter>
    </ClInclude>
    <ClInclude Include="src\simulation\SimulationObjectManager.h">
      <Filter>objects\collection\manager</Filter>
    </ClInclude>
    <ClInclude Include="src\objects\unit\aim\Aim.h">
      <Filter>aim</Filter>
    </ClInclude>
    <ClInclude Include="src\objects\unit\UnitFactory.h">
      <Filter>objects\collection\factory</Filter>
    </ClInclude>
    <ClInclude Include="src\objects\unit\Unit.h">
      <Filter>objects\unit</Filter>
    </ClInclude>
    <ClInclude Include="src\objects\unit\ActionParameter.h">
      <Filter>command\action</Filter>
    </ClInclude>
    <ClInclude Include="src\player\PlayersManager.h">
      <Filter>player</Filter>
    </ClInclude>
    <ClInclude Include="src\control\SelectedInfoType.h">
      <Filter>control</Filter>
    </ClInclude>
    <ClInclude Include="src\scene\LevelBuilder.h" />
    <ClInclude Include="src\hud\window\top\TopPanel.h">
      <Filter>hud\windows\top</Filter>
    </ClInclude>
    <ClInclude Include="src\hud\window\top\TopHudElement.h">
      <Filter>hud\windows\top</Filter>
    </ClInclude>
    <ClInclude Include="src\hud\window\queue\QueuePanel.h">
      <Filter>hud\windows\queue</Filter>
    </ClInclude>
    <ClInclude Include="src\hud\window\queue\QueueHudElement.h">
      <Filter>hud\windows\queue</Filter>
    </ClInclude>
    <ClInclude Include="src\hud\window\selected\SelectedHudPanel.h">
      <Filter>hud\windows\select</Filter>
    </ClInclude>
    <ClInclude Include="src\hud\window\selected\SelectedHudElement.h">
      <Filter>hud\windows\select</Filter>
    </ClInclude>
    <ClInclude Include="src\hud\window\menu\MenuPanel.h">
      <Filter>hud\windows</Filter>
    </ClInclude>
    <ClInclude Include="src\hud\window\minimap\MiniMapPanel.h">
      <Filter>hud\windows</Filter>
    </ClInclude>
    <ClInclude Include="src\hud\window\debug\DebugPanel.h">
      <Filter>hud\windows</Filter>
    </ClInclude>
    <ClInclude Include="src\objects\unit\state\FollowState.h">
      <Filter>objects\state</Filter>
    </ClInclude>
    <ClInclude Include="src\objects\unit\state\State.h">
      <Filter>objects\state</Filter>
    </ClInclude>
    <ClInclude Include="src\objects\unit\state\StateManager.h">
      <Filter>objects\state</Filter>
    </ClInclude>
    <ClInclude Include="src\objects\unit\state\StopState.h">
      <Filter>objects\state</Filter>
    </ClInclude>
    <ClInclude Include="src\objects\unit\state\GoState.h" />
    <ClInclude Include="src\objects\unit\state\AttackState.h" />
    <ClInclude Include="src\objects\unit\state\ChargeState.h" />
    <ClInclude Include="src\objects\unit\state\DefendState.h" />
    <ClInclude Include="src\objects\unit\state\DeadState.h" />
    <ClInclude Include="src\objects\unit\state\MoveState.h" />
    <ClInclude Include="src\control\MouseButton.h" />
    <ClInclude Include="src\objects\unit\aim\TargetAim.h" />
    <ClInclude Include="src\objects\unit\aim\FollowAim.h" />
    <ClInclude Include="src\objects\unit\aim\ChargeAim.h" />
    <ClInclude Include="src\objects\unit\aim\DummyAim.h" />
    <ClInclude Include="src\camera\TopCameraBehave.h" />
    <ClInclude Include="src\simulation\force\Force.h">
      <Filter>simulation\force</Filter>
    </ClInclude>
    <ClInclude Include="src\env\bucket\MainGrid.h" />
    <ClInclude Include="src\env\bucket\Grid.h">
      <Filter>simulation\env\bucket</Filter>
    </ClInclude>
    <ClInclude Include="src\env\bucket\ComplexBucketData.h" />
    <ClInclude Include="src\control\HitData.h" />
    <ClInclude Include="src\hud\window\loading\LoadingPanel.h" />
    <ClInclude Include="src\GameState.h" />
    <ClInclude Include="src\Loading.h" />
    <ClInclude Include="src\env\ContentInfo.h" />
    <ClInclude Include="src\hud\window\in_game_menu\InGameMenuPanel.h" />
    <ClInclude Include="src\scene\save\SceneSaver.h" />
    <ClInclude Include="src\scene\load\SceneLoader.h" />
    <ClInclude Include="src\scene\load\dbload_container.h" />
    <ClInclude Include="src\commands\creation\CreationCommandList.h">
      <Filter>command\list</Filter>
    </ClInclude>
    <ClInclude Include="src\commands\creation\CreationCommand.h">
      <Filter>command</Filter>
    </ClInclude>
    <ClInclude Include="src\hud\window\main_menu\MainMenuPanel.h" />
    <ClInclude Include="src\hud\window\main_menu\MainMenuDetailsPanel.h" />
    <ClInclude Include="src\hud\window\in_game_menu\middle\AbstractMiddlePanel.h" />
    <ClInclude Include="src\hud\window\in_game_menu\middle\FileFormData.h" />
    <ClInclude Include="src\hud\window\in_game_menu\middle\FilePanel.h" />
    <ClInclude Include="src\hud\window\main_menu\help\MainMenuHelpPanel.h" />
    <ClInclude Include="src\hud\window\main_menu\new_game\MainMenuNewGamePanel.h" />
    <ClInclude Include="src\hud\window\main_menu\new_game\NewGameTeamLine.h" />
    <ClInclude Include="src\hud\UiUtils.h">
      <Filter>hud</Filter>
    </ClInclude>
    <ClInclude Include="src\hud\window\main_menu\new_game\NewGameForm.h" />
    <ClInclude Include="src\hud\window\main_menu\new_game\NewGamePlayer.h" />
    <ClInclude Include="src\hud\window\main_menu\load\MainMenuLoadPanel.h" />
    <ClInclude Include="src\hud\window\main_menu\close\MainMenuClosePanel.h" />
    <ClInclude Include="src\hud\window\main_menu\settings\MainMenuSettingsPanel.h" />
    <ClInclude Include="src\hud\window\main_menu\settings\SettingsForm.h" />
    <ClInclude Include="src\database\db_utils.h" />
    <ClInclude Include="src\objects\unit\state\DisposeState.h" />
    <ClInclude Include="src\hud\window\menu\info\LeftMenuInfoPanel.h" />
    <ClInclude Include="src\hud\window\menu\LeftMenuModes.h" />
    <ClInclude Include="src\objects\queue\QueueManager.h">
      <Filter>objects\building</Filter>
    </ClInclude>
    <ClInclude Include="src\objects\queue\QueueElement.h">
      <Filter>objects\building</Filter>
    </ClInclude>
    <ClInclude Include="src\objects\NamesCache.h" />
    <ClInclude Include="src\commands\upgrade\UpgradeCommand.h" />
    <ClInclude Include="src\hud\HudData.h">
      <Filter>hud</Filter>
    </ClInclude>
    <ClInclude Include="src\commands\upgrade\UpgradeCommandList.h" />
    <ClInclude Include="src\simulation\formation\Formation.h" />
    <ClInclude Include="src\simulation\formation\FormationManager.h" />
    <ClInclude Include="src\simulation\formation\FormationType.h" />
    <ClInclude Include="src\simulation\force\ForceStats.h" />
    <ClInclude Include="src\colors\ColorPallet.h" />
    <ClInclude Include="src\simulation\formation\FormationState.h" />
    <ClInclude Include="src\control\ControlsUtils.h" />
    <ClInclude Include="src\objects\unit\aim\Aims.h">
      <Filter>aim</Filter>
    </ClInclude>
    <ClInclude Include="src\objects\unit\ChargeData.h" />
    <ClInclude Include="src\objects\NodeUtils.h" />
    <ClInclude Include="src\objects\unit\state\ShotState.h" />
    <ClInclude Include="src\objects\unit\state\UnitState.h">
      <Filter>objects\state</Filter>
    </ClInclude>
    <ClInclude Include="src\objects\PhysicalUtils.h" />
    <ClInclude Include="src\env\bucket\CellEnums.h" />
    <ClInclude Include="src\objects\static\Static.h" />
    <ClInclude Include="src\objects\static\StaticState.h" />
    <ClInclude Include="src\objects\unit\state\CollectState.h" />
    <ClInclude Include="src\env\Environment.h">
      <Filter>simulation\env</Filter>
    </ClInclude>
    <ClInclude Include="src\objects\projectile\ProjectileWithNode.h" />
    <ClInclude Include="src\objects\ActionType.h" />
    <ClInclude Include="src\colors\ColorPaletteRepo.h" />
    <ClInclude Include="src\env\path\PathFinder.h" />
    <ClInclude Include="src\env\path\PriorityHeap.h" />
    <ClInclude Include="src\env\path\DrawGridUtils.h" />
    <ClInclude Include="src\hud\window\top\info\TopInfoPanel.h" />
    <ClInclude Include="src\env\influence\InfluenceManager.h" />
    <ClInclude Include="src\env\influence\map\InfluenceMapInt.h" />
    <ClInclude Include="src\env\influence\map\InfluenceMap.h" />
    <ClInclude Include="src\env\influence\map\InfluenceMapFloat.h" />
    <ClInclude Include="src\objects\resource\ResourceEntity.h" />
    <ClInclude Include="src\objects\resource\ResourceFactory.h" />
    <ClInclude Include="src\player\Resources.h" />
    <ClInclude Include="src\camera\RtsCameraBehave.h" />
    <ClInclude Include="src\env\GridCalculator.h" />
    <ClInclude Include="src\env\EnvConsts.h" />
    <ClInclude Include="src\debug\DebugLineRepo.h" />
    <ClInclude Include="src\debug\DebugUnitType.h" />
    <ClInclude Include="src\debug\DebugManager.h" />
    <ClInclude Include="src\debug\EnvironmentDebugMode.h" />
    <ClInclude Include="src\player\Possession.h" />
    <ClInclude Include="src\hud\window\score\ScorePanel.h" />
    <ClInclude Include="src\objects\unit\SimColorMode.h" />
    <ClInclude Include="src\player\ai\nn\Layer.h" />
    <ClInclude Include="src\player\ai\nn\Brain.h" />
    <ClInclude Include="src\player\ai\nn\AFUtil.h" />
    <ClInclude Include="src\objects\ObjectEnums.h">
      <Filter>objects</Filter>
    </ClInclude>
    <ClInclude Include="src\commands\action\UnitActionCommand.h">
      <Filter>command\action</Filter>
    </ClInclude>
    <ClInclude Include="src\commands\action\ResourceActionCommand.h" />
    <ClInclude Include="src\commands\action\BuildingActionCommand.h" />
    <ClInclude Include="src\commands\action\ResourceActionType.h" />
    <ClInclude Include="src\commands\action\BuildingActionType.h" />
    <ClInclude Include="src\objects\queue\QueueActionType.h" />
    <ClInclude Include="src\player\ai\ActionMaker.h" />
    <ClInclude Include="src\database\db_load.h" />
    <ClInclude Include="src\player\ai\AiUtils.h" />
    <ClInclude Include="src\math\VectorUtils.h" />
    <ClInclude Include="src\math\MathUtils.h" />
    <ClInclude Include="src\math\RandGen.h" />
    <ClInclude Include="src\player\ai\ActionCenter.h" />
    <ClInclude Include="src\math\RandType.h" />
    <ClInclude Include="src\objects\unit\order\UnitConst.h">
      <Filter>objects\unit</Filter>
    </ClInclude>
    <ClInclude Include="src\objects\unit\order\FormationOrder.h" />
    <ClInclude Include="src\objects\unit\order\GroupOrder.h" />
    <ClInclude Include="src\objects\unit\order\IndividualOrder.h" />
    <ClInclude Include="src\objects\unit\order\OrderUtils.h" />
    <ClInclude Include="src\objects\unit\order\UnitOrder.h" />
    <ClInclude Include="src\utils\consts.h" />
    <ClInclude Include="src\utils\defines.h" />
    <ClInclude Include="src\utils\DeleteUtils.h" />
    <ClInclude Include="src\utils\NamesUtils.h" />
    <ClInclude Include="src\utils\replace_utils.h" />
    <ClInclude Include="src\utils\StringUtils.h" />
    <ClInclude Include="src\commands\action\GeneralActionCommand.h" />
    <ClInclude Include="src\commands\action\GeneralActionType.h" />
    <ClInclude Include="src\player\ai\ActionMakerLogger.h" />
    <ClInclude Include="src\player\ai\OrderMaker.h" />
    <ClInclude Include="src\control\HealthBarProvider.h" />
    <ClInclude Include="src\env\influence\map\InfluenceMapHistory.h" />
    <ClInclude Include="src\env\influence\map\InfluenceMapQuad.h" />
    <ClInclude Include="src\env\influence\map\InfluenceMapI.h" />
    <ClInclude Include="src\env\GridCalculatorProvider.h" />
    <ClInclude Include="src\player\ai\InfluenceDataType.h" />
    <ClInclude Include="src\objects\queue\QueueUtils.h" />
    <ClInclude Include="src\objects\Metrics.h" />
    <ClInclude Include="src\stats\AiInputProvider.h" />
    <ClInclude Include="src\hud\window\SimplePanel.h">
      <Filter>hud\windows</Filter>
    </ClInclude>
    <ClInclude Include="src\hud\window\EventPanel.h" />
    <ClInclude Include="src\utils\AssertUtils.h" />
    <ClInclude Include="src\env\bucket\levels\LevelCache.h" />
    <ClInclude Include="src\env\bucket\levels\LevelCacheProvider.h" />
    <ClInclude Include="src\env\CloseIndexes.h" />
    <ClInclude Include="src\env\CloseIndexesProvider.h" />
    <ClInclude Include="src\env\influence\CenterType.h" />
    <ClInclude Include="src\utils\OtherUtils.h" />
    <ClInclude Include="src\player\ai\nn\BrainProvider.h" />
    <ClInclude Include="src\simulation\PerFrameAction.h" />
    <ClInclude Include="src\simulation\SimGlobals.h" />
    <ClInclude Include="src\utils\FileUtils.h" />
    <ClInclude Include="src\player\ai\AiTypes.h" />
    <ClInclude Include="src\simulation\FrameInfo.h" />
    <ClInclude Include="src\database\db_basic_struct.h" />
    <ClInclude Include="src\database\db_grah_structs.h" />
    <ClInclude Include="src\database\db_container.h" />
    <ClInclude Include="src\database\db_other_struct.h" />
    <ClInclude Include="src\camera\CameraInfo.h" />
    <ClInclude Include="src\scene\save\SQLConsts.h" />
    <ClInclude Include="src\utils\SpanUtils.h" />
    <ClInclude Include="src\objects\unit\GroupUtils.h" />
    <ClInclude Include="src\utils\Flags.h" />
    <ClInclude Include="src\env\influence\map\VisibilityMap.h" />
    <ClInclude Include="src\env\influence\map\VisibilityType.h" />
    <ClInclude Include="src\env\bucket\StaticGrid.h" />
    <ClInclude Include="src\objects\unit\state\StateUtils.h" />
    <ClInclude Include="src\objects\projectile\ProjectileManager.h" />
    <ClInclude Include="src\env\influence\VisibilityManager.h" />
    <ClInclude Include="src\env\influence\MapsUtils.h" />
    <ClInclude Include="src\env\influence\VisibilityMode.h" />
    <ClInclude Include="src\player\ai\AiMetric.h" />
    <ClInclude Include="src\objects\building\ParentBuildingType.h" />
    <ClInclude Include="src\env\path\PathCache.h" />
    <ClInclude Include="src\player\ai\MetricDefinitions.h" />
    <ClInclude Include="src\player\ai\PossessionMetric.h" />
    <ClInclude Include="src\utils\PrintUtils.h" />
  </ItemGroup>
  <ItemGroup>
    <None Include="CoreData" />
    <None Include="Data" />
  </ItemGroup>
  <ItemGroup>
    <Filter Include="camera">
      <UniqueIdentifier>{8e3c4e8a-11f5-4b49-a338-79468fb9e0a5}</UniqueIdentifier>
    </Filter>
    <Filter Include="camera\behave">
      <UniqueIdentifier>{6dad2672-9730-4bd2-bb2a-aa33117d6ac7}</UniqueIdentifier>
    </Filter>
    <Filter Include="objects">
      <UniqueIdentifier>{a0e705d3-615f-43b5-a56d-2140397beed5}</UniqueIdentifier>
    </Filter>
    <Filter Include="simulation">
      <UniqueIdentifier>{9bd420fb-ca05-4b30-b42e-f3c13d30c02b}</UniqueIdentifier>
    </Filter>
    <Filter Include="simulation\env">
      <UniqueIdentifier>{a17ba19d-3813-473b-adf9-2cea0e1c2901}</UniqueIdentifier>
    </Filter>
    <Filter Include="simulation\force">
      <UniqueIdentifier>{abf22b7a-6de9-4d35-a0ad-23b43d4703ca}</UniqueIdentifier>
    </Filter>
    <Filter Include="objects\collection">
      <UniqueIdentifier>{f4112f10-b35f-4d45-9ed6-c68b71f28fb7}</UniqueIdentifier>
    </Filter>
    <Filter Include="objects\collection\factory">
      <UniqueIdentifier>{fcbf3bc5-ce6a-4cc5-8b67-3e0841a8f513}</UniqueIdentifier>
    </Filter>
    <Filter Include="objects\collection\manager">
      <UniqueIdentifier>{108402b7-d8b3-48e3-b880-bf9103f78faf}</UniqueIdentifier>
    </Filter>
    <Filter Include="objects\collection\link">
      <UniqueIdentifier>{1afe235c-f383-41e8-acf9-aa5ae746e6e6}</UniqueIdentifier>
    </Filter>
    <Filter Include="command">
      <UniqueIdentifier>{198a48f4-a3df-47d3-8728-95e09b3f265d}</UniqueIdentifier>
    </Filter>
    <Filter Include="command\list">
      <UniqueIdentifier>{8f9c94d7-7213-4f82-993e-25a31df51c6c}</UniqueIdentifier>
    </Filter>
    <Filter Include="aim">
      <UniqueIdentifier>{75b9a203-d933-4710-ba06-ef611dfd6f81}</UniqueIdentifier>
    </Filter>
    <Filter Include="command\action">
      <UniqueIdentifier>{6057b42d-85b6-4e28-b62a-6d7741dc70a8}</UniqueIdentifier>
    </Filter>
    <Filter Include="database">
      <UniqueIdentifier>{19df1394-7985-47ee-acd5-95a41ec3e776}</UniqueIdentifier>
    </Filter>
    <Filter Include="hud">
      <UniqueIdentifier>{6eeb60b3-0845-41f7-8728-33704b094a65}</UniqueIdentifier>
    </Filter>
    <Filter Include="player">
      <UniqueIdentifier>{a426ca75-77e3-409c-b4a7-2c9a5cc1216d}</UniqueIdentifier>
    </Filter>
    <Filter Include="simulation\env\bucket">
      <UniqueIdentifier>{06d3429f-4b65-4b03-bce6-7058dac6f83a}</UniqueIdentifier>
    </Filter>
    <Filter Include="control">
      <UniqueIdentifier>{4f946446-b3a9-4105-986d-09d1da4734cc}</UniqueIdentifier>
    </Filter>
    <Filter Include="simulation\env\gradient">
      <UniqueIdentifier>{c34a7fa4-bcfc-4fee-8728-70d65e63d815}</UniqueIdentifier>
    </Filter>
    <Filter Include="objects\unit">
      <UniqueIdentifier>{72e8eaca-7fa2-44db-84b8-7f45e9afc753}</UniqueIdentifier>
    </Filter>
    <Filter Include="objects\state">
      <UniqueIdentifier>{e7772225-aee1-486b-be4d-501a5eb7d027}</UniqueIdentifier>
    </Filter>
    <Filter Include="hud\windows">
      <UniqueIdentifier>{37364c93-315d-4265-8b8b-a7336b20a4cb}</UniqueIdentifier>
    </Filter>
    <Filter Include="hud\windows\select">
      <UniqueIdentifier>{3a84c391-3576-4bf1-8923-bcff059dde54}</UniqueIdentifier>
    </Filter>
    <Filter Include="objectsesource">
      <UniqueIdentifier>{ead220a6-65e9-45b1-a315-eaba19c3fed7}</UniqueIdentifier>
    </Filter>
    <Filter Include="objects\building">
      <UniqueIdentifier>{9c6253a0-711a-4ff1-9abc-2399f8935363}</UniqueIdentifier>
    </Filter>
    <Filter Include="hud\windows\queue">
      <UniqueIdentifier>{911cea19-f003-4bdf-86bf-c221d4cd609d}</UniqueIdentifier>
    </Filter>
    <Filter Include="hud\windows\top">
      <UniqueIdentifier>{889de42f-bda6-48b2-b01a-5ad4c82609ad}</UniqueIdentifier>
    </Filter>
  </ItemGroup>
</Project>