<?xml version="1.0" encoding="utf-8"?>
<Project ToolsVersion="4.0" xmlns="http://schemas.microsoft.com/developer/msbuild/2003">
  <ItemGroup>
    <ClCompile Include="src\Main.cpp" />
    <ClCompile Include="src\CameraManager.cpp">
      <Filter>camera</Filter>
    </ClCompile>
    <ClCompile Include="src\FreeCameraBehave.cpp">
      <Filter>camera\behave</Filter>
    </ClCompile>
    <ClCompile Include="src\CameraBehave.cpp">
      <Filter>camera\behave</Filter>
    </ClCompile>
    <ClCompile Include="src\RtsCameraBehave.cpp">
      <Filter>camera\behave</Filter>
    </ClCompile>
    <ClCompile Include="src\Unit.cpp">
      <Filter>objects</Filter>
    </ClCompile>
    <ClCompile Include="src\Controls.cpp" />
    <ClCompile Include="src\Building.cpp">
      <Filter>objects</Filter>
    </ClCompile>
    <ClCompile Include="src\Entity.cpp">
      <Filter>objects</Filter>
    </ClCompile>
    <ClCompile Include="src\Benchmark.cpp" />
    <ClCompile Include="src\EnviromentStrategy.cpp">
      <Filter>simulation\env</Filter>
    </ClCompile>
    <ClCompile Include="src\BucketGrid.cpp">
      <Filter>simulation\env</Filter>
    </ClCompile>
    <ClCompile Include="src\Bucket.cpp">
      <Filter>simulation\env</Filter>
    </ClCompile>
    <ClCompile Include="src\Hud.cpp" />
    <ClCompile Include="src\Simulation.cpp">
      <Filter>simulation</Filter>
    </ClCompile>
    <ClCompile Include="src\EntityFactory.cpp">
      <Filter>objects</Filter>
    </ClCompile>
    <ClCompile Include="src\ObjectList.cpp">
      <Filter>objects</Filter>
    </ClCompile>
    <ClCompile Include="src\ForceStrategy.cpp">
      <Filter>simulation\force</Filter>
    </ClCompile>
  </ItemGroup>
  <ItemGroup>
    <ClInclude Include="src\Main.h" />
    <ClInclude Include="src\CameraManager.h">
      <Filter>camera</Filter>
    </ClInclude>
    <ClInclude Include="src\FreeCameraBehave.h">
      <Filter>camera\behave</Filter>
    </ClInclude>
    <ClInclude Include="src\CameraEnums.h">
      <Filter>camera</Filter>
    </ClInclude>
    <ClInclude Include="src\CameraBehave.h">
      <Filter>camera\behave</Filter>
    </ClInclude>
    <ClInclude Include="src\RtsCameraBehave.h">
      <Filter>camera\behave</Filter>
    </ClInclude>
    <ClInclude Include="src\Unit.h">
      <Filter>objects</Filter>
    </ClInclude>
    <ClInclude Include="src\Controls.h" />
    <ClInclude Include="src\Building.h">
      <Filter>objects</Filter>
    </ClInclude>
    <ClInclude Include="src\Entity.h">
      <Filter>objects</Filter>
    </ClInclude>
    <ClInclude Include="src\Benchmark.h" />
    <ClInclude Include="src\EnviromentStrategy.h">
      <Filter>simulation\env</Filter>
    </ClInclude>
    <ClInclude Include="src\BucketGrid.h">
      <Filter>simulation\env</Filter>
    </ClInclude>
    <ClInclude Include="src\Bucket.h">
      <Filter>simulation\env</Filter>
    </ClInclude>
    <ClInclude Include="src\Hud.h" />
    <ClInclude Include="src\Simulation.h">
      <Filter>simulation</Filter>
    </ClInclude>
    <ClInclude Include="src\EntityFactory.h">
      <Filter>objects</Filter>
    </ClInclude>
    <ClInclude Include="src\ObjectList.h">
      <Filter>objects</Filter>
    </ClInclude>
    <ClInclude Include="src\ForceStrategy.h">
      <Filter>simulation\force</Filter>
    </ClInclude>
  </ItemGroup>
  <ItemGroup>
    <None Include="CoreData" />
    <None Include="Data" />
  </ItemGroup>
  <ItemGroup>
    <Filter Include="camera">
      <UniqueIdentifier>{8e3c4e8a-11f5-4b49-a338-79468fb9e0a5}</UniqueIdentifier>
    </Filter>
    <Filter Include="camera\behave">
      <UniqueIdentifier>{6dad2672-9730-4bd2-bb2a-aa33117d6ac7}</UniqueIdentifier>
    </Filter>
    <Filter Include="objects">
      <UniqueIdentifier>{a0e705d3-615f-43b5-a56d-2140397beed5}</UniqueIdentifier>
    </Filter>
    <Filter Include="simulation">
      <UniqueIdentifier>{9bd420fb-ca05-4b30-b42e-f3c13d30c02b}</UniqueIdentifier>
    </Filter>
    <Filter Include="simulation\env">
      <UniqueIdentifier>{a17ba19d-3813-473b-adf9-2cea0e1c2901}</UniqueIdentifier>
    </Filter>
    <Filter Include="simulation\force">
      <UniqueIdentifier>{abf22b7a-6de9-4d35-a0ad-23b43d4703ca}</UniqueIdentifier>
    </Filter>
  </ItemGroup>
</Project>