<?xml version="1.0" encoding="utf-8"?>
<Project ToolsVersion="4.0" xmlns="http://schemas.microsoft.com/developer/msbuild/2003">
  <ItemGroup>
    <ClCompile Include="src\Main.cpp" />
    <ClCompile Include="src\CameraManager.cpp">
      <Filter>camera</Filter>
    </ClCompile>
    <ClCompile Include="src\FreeCameraBehave.cpp">
      <Filter>camera\behave</Filter>
    </ClCompile>
    <ClCompile Include="src\CameraBehave.cpp">
      <Filter>camera\behave</Filter>
    </ClCompile>
    <ClCompile Include="src\RtsCameraBehave.cpp">
      <Filter>camera\behave</Filter>
    </ClCompile>
    <ClCompile Include="src\Unit.cpp">
      <Filter>objects</Filter>
    </ClCompile>
    <ClCompile Include="src\Controls.cpp" />
    <ClCompile Include="src\Building.cpp">
      <Filter>objects</Filter>
    </ClCompile>
    <ClCompile Include="src\Entity.cpp">
      <Filter>objects</Filter>
    </ClCompile>
    <ClCompile Include="src\Benchmark.cpp" />
    <ClCompile Include="src\EnviromentStrategy.cpp">
      <Filter>simulation\env</Filter>
    </ClCompile>
    <ClCompile Include="src\BucketGrid.cpp">
      <Filter>simulation\env</Filter>
    </ClCompile>
    <ClCompile Include="src\Bucket.cpp">
      <Filter>simulation\env</Filter>
    </ClCompile>
    <ClCompile Include="src\Hud.cpp" />
    <ClCompile Include="src\Simulation.cpp">
      <Filter>simulation</Filter>
    </ClCompile>
    <ClCompile Include="src\ForceStrategy.cpp">
      <Filter>simulation\force</Filter>
    </ClCompile>
    <ClCompile Include="src\LevelBuilder.cpp" />
    <ClCompile Include="src\BuildingFactory.cpp">
      <Filter>objects\collection\factory</Filter>
    </ClCompile>
    <ClCompile Include="src\EntityFactory.cpp">
      <Filter>objects\collection\factory</Filter>
    </ClCompile>
    <ClCompile Include="src\UnitFactory.cpp">
      <Filter>objects\collection\factory</Filter>
    </ClCompile>
    <ClCompile Include="src\ObjectManager.cpp">
      <Filter>objects\collection\manager</Filter>
    </ClCompile>
    <ClCompile Include="src\SceneObjectManager.cpp">
      <Filter>objects\collection\manager</Filter>
    </ClCompile>
    <ClCompile Include="src\LinkComponent.cpp">
      <Filter>objects\collection\link</Filter>
    </ClCompile>
    <ClCompile Include="src\Aims.cpp" />
  </ItemGroup>
  <ItemGroup>
    <ClInclude Include="src\Main.h" />
    <ClInclude Include="src\CameraManager.h">
      <Filter>camera</Filter>
    </ClInclude>
    <ClInclude Include="src\FreeCameraBehave.h">
      <Filter>camera\behave</Filter>
    </ClInclude>
    <ClInclude Include="src\CameraEnums.h">
      <Filter>camera</Filter>
    </ClInclude>
    <ClInclude Include="src\CameraBehave.h">
      <Filter>camera\behave</Filter>
    </ClInclude>
    <ClInclude Include="src\RtsCameraBehave.h">
      <Filter>camera\behave</Filter>
    </ClInclude>
    <ClInclude Include="src\Unit.h">
      <Filter>objects</Filter>
    </ClInclude>
    <ClInclude Include="src\Controls.h" />
    <ClInclude Include="src\Building.h">
      <Filter>objects</Filter>
    </ClInclude>
    <ClInclude Include="src\Entity.h">
      <Filter>objects</Filter>
    </ClInclude>
    <ClInclude Include="src\Benchmark.h" />
    <ClInclude Include="src\EnviromentStrategy.h">
      <Filter>simulation\env</Filter>
    </ClInclude>
    <ClInclude Include="src\BucketGrid.h">
      <Filter>simulation\env</Filter>
    </ClInclude>
    <ClInclude Include="src\Bucket.h">
      <Filter>simulation\env</Filter>
    </ClInclude>
    <ClInclude Include="src\Hud.h" />
    <ClInclude Include="src\Simulation.h">
      <Filter>simulation</Filter>
    </ClInclude>
    <ClInclude Include="src\ForceStrategy.h">
      <Filter>simulation\force</Filter>
    </ClInclude>
    <ClInclude Include="src\LevelBuilder.h" />
    <ClInclude Include="src\BuildingFactory.h">
      <Filter>objects\collection\factory</Filter>
    </ClInclude>
    <ClInclude Include="src\EntityFactory.h">
      <Filter>objects\collection\factory</Filter>
    </ClInclude>
    <ClInclude Include="src\UnitFactory.h">
      <Filter>objects\collection\factory</Filter>
    </ClInclude>
    <ClInclude Include="src\ObjectManager.h">
      <Filter>objects\collection\manager</Filter>
    </ClInclude>
    <ClInclude Include="src\SceneObjectManager.h">
      <Filter>objects\collection\manager</Filter>
    </ClInclude>
    <ClInclude Include="src\LinkComponent.h">
      <Filter>objects\collection\link</Filter>
    </ClInclude>
    <ClInclude Include="src\ObjectEnums.h">
      <Filter>objects</Filter>
    </ClInclude>
    <ClInclude Include="ActionType.h">
      <Filter>objects</Filter>
    </ClInclude>
    <ClInclude Include="src\Aims.h" />
  </ItemGroup>
  <ItemGroup>
    <None Include="CoreData" />
    <None Include="Data" />
  </ItemGroup>
  <ItemGroup>
    <Filter Include="camera">
      <UniqueIdentifier>{8e3c4e8a-11f5-4b49-a338-79468fb9e0a5}</UniqueIdentifier>
    </Filter>
    <Filter Include="camera\behave">
      <UniqueIdentifier>{6dad2672-9730-4bd2-bb2a-aa33117d6ac7}</UniqueIdentifier>
    </Filter>
    <Filter Include="objects">
      <UniqueIdentifier>{a0e705d3-615f-43b5-a56d-2140397beed5}</UniqueIdentifier>
    </Filter>
    <Filter Include="simulation">
      <UniqueIdentifier>{9bd420fb-ca05-4b30-b42e-f3c13d30c02b}</UniqueIdentifier>
    </Filter>
    <Filter Include="simulation\env">
      <UniqueIdentifier>{a17ba19d-3813-473b-adf9-2cea0e1c2901}</UniqueIdentifier>
    </Filter>
    <Filter Include="simulation\force">
      <UniqueIdentifier>{abf22b7a-6de9-4d35-a0ad-23b43d4703ca}</UniqueIdentifier>
    </Filter>
    <Filter Include="objects\collection">
      <UniqueIdentifier>{f4112f10-b35f-4d45-9ed6-c68b71f28fb7}</UniqueIdentifier>
    </Filter>
    <Filter Include="objects\collection\factory">
      <UniqueIdentifier>{fcbf3bc5-ce6a-4cc5-8b67-3e0841a8f513}</UniqueIdentifier>
    </Filter>
    <Filter Include="objects\collection\manager">
      <UniqueIdentifier>{108402b7-d8b3-48e3-b880-bf9103f78faf}</UniqueIdentifier>
    </Filter>
    <Filter Include="objects\collection\link">
      <UniqueIdentifier>{1afe235c-f383-41e8-acf9-aa5ae746e6e6}</UniqueIdentifier>
    </Filter>
  </ItemGroup>
</Project>