<?xml version="1.0" encoding="utf-8"?>
<Project ToolsVersion="4.0" xmlns="http://schemas.microsoft.com/developer/msbuild/2003">
  <ItemGroup>
    <ClCompile Include="src\Main.cpp" />
    <ClCompile Include="src\CameraManager.cpp">
      <Filter>camera</Filter>
    </ClCompile>
    <ClCompile Include="src\FreeCameraBehave.cpp">
      <Filter>camera\behave</Filter>
    </ClCompile>
    <ClCompile Include="src\CameraBehave.cpp">
      <Filter>camera\behave</Filter>
    </ClCompile>
    <ClCompile Include="src\RtsCameraBehave.cpp">
      <Filter>camera\behave</Filter>
    </ClCompile>
    <ClCompile Include="src\Unit.cpp">
      <Filter>objects</Filter>
    </ClCompile>
    <ClCompile Include="src\Building.cpp">
      <Filter>objects</Filter>
    </ClCompile>
    <ClCompile Include="src\Entity.cpp">
      <Filter>objects</Filter>
    </ClCompile>
    <ClCompile Include="src\Benchmark.cpp" />
    <ClCompile Include="src\EnviromentStrategy.cpp">
      <Filter>simulation\env</Filter>
    </ClCompile>
    <ClCompile Include="src\Simulation.cpp">
      <Filter>simulation</Filter>
    </ClCompile>
    <ClCompile Include="src\ForceStrategy.cpp">
      <Filter>simulation\force</Filter>
    </ClCompile>
    <ClCompile Include="src\LevelBuilder.cpp" />
    <ClCompile Include="src\BuildingFactory.cpp">
      <Filter>objects\collection\factory</Filter>
    </ClCompile>
    <ClCompile Include="src\EntityFactory.cpp">
      <Filter>objects\collection\factory</Filter>
    </ClCompile>
    <ClCompile Include="src\UnitFactory.cpp">
      <Filter>objects\collection\factory</Filter>
    </ClCompile>
    <ClCompile Include="src\SceneObjectManager.cpp">
      <Filter>objects\collection\manager</Filter>
    </ClCompile>
    <ClCompile Include="src\LinkComponent.cpp">
      <Filter>objects\collection\link</Filter>
    </ClCompile>
    <ClCompile Include="src\Game.cpp" />
    <ClCompile Include="src\SimulationObjectManager.cpp">
      <Filter>objects\collection\manager</Filter>
    </ClCompile>
    <ClCompile Include="src\AbstractObjectManager.cpp">
      <Filter>objects\collection\manager</Filter>
    </ClCompile>
    <ClCompile Include="src\AbstractCommand.cpp">
      <Filter>command</Filter>
    </ClCompile>
    <ClCompile Include="src\CommandSelect.cpp">
      <Filter>command</Filter>
    </ClCompile>
    <ClCompile Include="src\Mediator.cpp" />
    <ClCompile Include="src\BuildCommand.cpp">
      <Filter>command</Filter>
    </ClCompile>
    <ClCompile Include="src\BuildList.cpp">
      <Filter>command\list</Filter>
    </ClCompile>
    <ClCompile Include="src\CommandList.cpp">
      <Filter>command\list</Filter>
    </ClCompile>
    <ClCompile Include="src\SimulationCommand.cpp">
      <Filter>command</Filter>
    </ClCompile>
    <ClCompile Include="src\SimulationCommandList.cpp">
      <Filter>command\list</Filter>
    </ClCompile>
    <ClCompile Include="src\ActionCommandList.cpp">
      <Filter>command\list</Filter>
    </ClCompile>
    <ClCompile Include="src\Aim.cpp">
      <Filter>aim</Filter>
    </ClCompile>
    <ClCompile Include="src\Aims.cpp">
      <Filter>aim</Filter>
    </ClCompile>
    <ClCompile Include="src\ActionCommand.cpp">
      <Filter>command\action</Filter>
    </ClCompile>
    <ClCompile Include="src\ActionParameter.cpp">
      <Filter>command\action</Filter>
    </ClCompile>
    <ClCompile Include="src\AimContainer.cpp">
      <Filter>aim</Filter>
    </ClCompile>
    <ClCompile Include="src\DatabaseCache.cpp">
      <Filter>database</Filter>
    </ClCompile>
    <ClCompile Include="src\Hud.cpp">
      <Filter>hud</Filter>
    </ClCompile>
    <ClCompile Include="src\HudElement.cpp">
      <Filter>hud</Filter>
    </ClCompile>
    <ClCompile Include="src\Resources.cpp">
      <Filter>player</Filter>
    </ClCompile>
    <ClCompile Include="src\Player.cpp">
      <Filter>player</Filter>
    </ClCompile>
    <ClCompile Include="src\PlayersManager.cpp">
      <Filter>player</Filter>
    </ClCompile>
    <ClCompile Include="src\OperatorType.h" />
    <ClCompile Include="src\BucketIterator.cpp">
      <Filter>simulation\env\bucket</Filter>
    </ClCompile>
    <ClCompile Include="src\BucketGrid.cpp">
      <Filter>simulation\env\bucket</Filter>
    </ClCompile>
    <ClCompile Include="src\Bucket.cpp">
      <Filter>simulation\env\bucket</Filter>
    </ClCompile>
    <ClCompile Include="src\Controls.cpp">
      <Filter>control</Filter>
    </ClCompile>
    <ClCompile Include="src\SelectedInfo.cpp">
      <Filter>control</Filter>
    </ClCompile>
    <ClCompile Include="src\ResourceEntity.cpp">
      <Filter>objects</Filter>
    </ClCompile>
    <ClCompile Include="src\ResourceFactory.cpp">
      <Filter>objects\collection\factory</Filter>
    </ClCompile>
  </ItemGroup>
  <ItemGroup>
    <ClInclude Include="src\Main.h" />
    <ClInclude Include="src\CameraManager.h">
      <Filter>camera</Filter>
    </ClInclude>
    <ClInclude Include="src\FreeCameraBehave.h">
      <Filter>camera\behave</Filter>
    </ClInclude>
    <ClInclude Include="src\CameraEnums.h">
      <Filter>camera</Filter>
    </ClInclude>
    <ClInclude Include="src\CameraBehave.h">
      <Filter>camera\behave</Filter>
    </ClInclude>
    <ClInclude Include="src\RtsCameraBehave.h">
      <Filter>camera\behave</Filter>
    </ClInclude>
    <ClInclude Include="src\Unit.h">
      <Filter>objects</Filter>
    </ClInclude>
    <ClInclude Include="src\Building.h">
      <Filter>objects</Filter>
    </ClInclude>
    <ClInclude Include="src\Entity.h">
      <Filter>objects</Filter>
    </ClInclude>
    <ClInclude Include="src\Benchmark.h" />
    <ClInclude Include="src\EnviromentStrategy.h">
      <Filter>simulation\env</Filter>
    </ClInclude>
    <ClInclude Include="src\Simulation.h">
      <Filter>simulation</Filter>
    </ClInclude>
    <ClInclude Include="src\ForceStrategy.h">
      <Filter>simulation\force</Filter>
    </ClInclude>
    <ClInclude Include="src\LevelBuilder.h" />
    <ClInclude Include="src\BuildingFactory.h">
      <Filter>objects\collection\factory</Filter>
    </ClInclude>
    <ClInclude Include="src\EntityFactory.h">
      <Filter>objects\collection\factory</Filter>
    </ClInclude>
    <ClInclude Include="src\UnitFactory.h">
      <Filter>objects\collection\factory</Filter>
    </ClInclude>
    <ClInclude Include="src\SceneObjectManager.h">
      <Filter>objects\collection\manager</Filter>
    </ClInclude>
    <ClInclude Include="src\LinkComponent.h">
      <Filter>objects\collection\link</Filter>
    </ClInclude>
    <ClInclude Include="src\ObjectEnums.h">
      <Filter>objects</Filter>
    </ClInclude>
    <ClInclude Include="src\ActionType.h" />
    <ClInclude Include="src\defines.h" />
    <ClInclude Include="src\utils.h" />
    <ClInclude Include="src\Game.h" />
    <ClInclude Include="src\SimulationObjectManager.h">
      <Filter>objects\collection\manager</Filter>
    </ClInclude>
    <ClInclude Include="src\AbstractObjectManager.h">
      <Filter>objects\collection\manager</Filter>
    </ClInclude>
    <ClInclude Include="src\AbstractCommand.h">
      <Filter>command</Filter>
    </ClInclude>
    <ClInclude Include="src\CommandSelect.h">
      <Filter>command</Filter>
    </ClInclude>
    <ClInclude Include="src\Mediator.h" />
    <ClInclude Include="src\ControlsState.h" />
    <ClInclude Include="src\BuildList.h">
      <Filter>command\list</Filter>
    </ClInclude>
    <ClInclude Include="src\BuildCommand.h">
      <Filter>command</Filter>
    </ClInclude>
    <ClInclude Include="src\CommandList.h">
      <Filter>command\list</Filter>
    </ClInclude>
    <ClInclude Include="src\SimulationCommand.h">
      <Filter>command</Filter>
    </ClInclude>
    <ClInclude Include="src\SimulationCommandList.h">
      <Filter>command\list</Filter>
    </ClInclude>
    <ClInclude Include="src\ActionCommandList.h">
      <Filter>command\list</Filter>
    </ClInclude>
    <ClInclude Include="src\Aim.h">
      <Filter>aim</Filter>
    </ClInclude>
    <ClInclude Include="src\Aims.h">
      <Filter>aim</Filter>
    </ClInclude>
    <ClInclude Include="src\ActionCommand.h">
      <Filter>command\action</Filter>
    </ClInclude>
    <ClInclude Include="src\ActionParameter.h">
      <Filter>command\action</Filter>
    </ClInclude>
    <ClInclude Include="src\AimContainer.h">
      <Filter>aim</Filter>
    </ClInclude>
    <ClInclude Include="src\db_strcut.h">
      <Filter>database</Filter>
    </ClInclude>
    <ClInclude Include="src\DatabaseCache.h">
      <Filter>database</Filter>
    </ClInclude>
    <ClInclude Include="src\BuildingType.h">
      <Filter>objects</Filter>
    </ClInclude>
    <ClInclude Include="src\SpacingType.h">
      <Filter>objects\collection</Filter>
    </ClInclude>
    <ClInclude Include="src\UnitType.h">
      <Filter>objects</Filter>
    </ClInclude>
    <ClInclude Include="src\Hud.h">
      <Filter>hud</Filter>
    </ClInclude>
    <ClInclude Include="src\HudElement.h">
      <Filter>hud</Filter>
    </ClInclude>
    <ClInclude Include="src\Resources.h">
      <Filter>player</Filter>
    </ClInclude>
    <ClInclude Include="src\Player.h">
      <Filter>player</Filter>
    </ClInclude>
    <ClInclude Include="src\PlayersManager.h">
      <Filter>player</Filter>
    </ClInclude>
    <ClInclude Include="src\UnitState.h">
      <Filter>objects</Filter>
    </ClInclude>
    <ClInclude Include="src\BucketIterator.h">
      <Filter>simulation\env\bucket</Filter>
    </ClInclude>
    <ClInclude Include="src\BucketGrid.h">
      <Filter>simulation\env\bucket</Filter>
    </ClInclude>
    <ClInclude Include="src\Bucket.h">
      <Filter>simulation\env\bucket</Filter>
    </ClInclude>
    <ClInclude Include="src\Controls.h">
      <Filter>control</Filter>
    </ClInclude>
    <ClInclude Include="src\SelectedInfo.h">
      <Filter>control</Filter>
    </ClInclude>
    <ClInclude Include="src\ResourceEntity.h">
      <Filter>objects</Filter>
    </ClInclude>
    <ClInclude Include="src\ResourceType.h" />
    <ClInclude Include="src\ResourceFactory.h">
      <Filter>objects\collection\factory</Filter>
    </ClInclude>
  </ItemGroup>
  <ItemGroup>
    <None Include="CoreData" />
    <None Include="Data" />
  </ItemGroup>
  <ItemGroup>
    <Filter Include="camera">
      <UniqueIdentifier>{8e3c4e8a-11f5-4b49-a338-79468fb9e0a5}</UniqueIdentifier>
    </Filter>
    <Filter Include="camera\behave">
      <UniqueIdentifier>{6dad2672-9730-4bd2-bb2a-aa33117d6ac7}</UniqueIdentifier>
    </Filter>
    <Filter Include="objects">
      <UniqueIdentifier>{a0e705d3-615f-43b5-a56d-2140397beed5}</UniqueIdentifier>
    </Filter>
    <Filter Include="simulation">
      <UniqueIdentifier>{9bd420fb-ca05-4b30-b42e-f3c13d30c02b}</UniqueIdentifier>
    </Filter>
    <Filter Include="simulation\env">
      <UniqueIdentifier>{a17ba19d-3813-473b-adf9-2cea0e1c2901}</UniqueIdentifier>
    </Filter>
    <Filter Include="simulation\force">
      <UniqueIdentifier>{abf22b7a-6de9-4d35-a0ad-23b43d4703ca}</UniqueIdentifier>
    </Filter>
    <Filter Include="objects\collection">
      <UniqueIdentifier>{f4112f10-b35f-4d45-9ed6-c68b71f28fb7}</UniqueIdentifier>
    </Filter>
    <Filter Include="objects\collection\factory">
      <UniqueIdentifier>{fcbf3bc5-ce6a-4cc5-8b67-3e0841a8f513}</UniqueIdentifier>
    </Filter>
    <Filter Include="objects\collection\manager">
      <UniqueIdentifier>{108402b7-d8b3-48e3-b880-bf9103f78faf}</UniqueIdentifier>
    </Filter>
    <Filter Include="objects\collection\link">
      <UniqueIdentifier>{1afe235c-f383-41e8-acf9-aa5ae746e6e6}</UniqueIdentifier>
    </Filter>
    <Filter Include="command">
      <UniqueIdentifier>{198a48f4-a3df-47d3-8728-95e09b3f265d}</UniqueIdentifier>
    </Filter>
    <Filter Include="command\list">
      <UniqueIdentifier>{8f9c94d7-7213-4f82-993e-25a31df51c6c}</UniqueIdentifier>
    </Filter>
    <Filter Include="aim">
      <UniqueIdentifier>{75b9a203-d933-4710-ba06-ef611dfd6f81}</UniqueIdentifier>
    </Filter>
    <Filter Include="command\action">
      <UniqueIdentifier>{6057b42d-85b6-4e28-b62a-6d7741dc70a8}</UniqueIdentifier>
    </Filter>
    <Filter Include="database">
      <UniqueIdentifier>{19df1394-7985-47ee-acd5-95a41ec3e776}</UniqueIdentifier>
    </Filter>
    <Filter Include="hud">
      <UniqueIdentifier>{6eeb60b3-0845-41f7-8728-33704b094a65}</UniqueIdentifier>
    </Filter>
    <Filter Include="player">
      <UniqueIdentifier>{a426ca75-77e3-409c-b4a7-2c9a5cc1216d}</UniqueIdentifier>
    </Filter>
    <Filter Include="simulation\env\bucket">
      <UniqueIdentifier>{06d3429f-4b65-4b03-bce6-7058dac6f83a}</UniqueIdentifier>
    </Filter>
    <Filter Include="control">
      <UniqueIdentifier>{4f946446-b3a9-4105-986d-09d1da4734cc}</UniqueIdentifier>
    </Filter>
  </ItemGroup>
</Project>